// !$*UTF8*$!
{
	archiveVersion = 1;
	classes = {
	};
	objectVersion = 50;
	objects = {

/* Begin PBXBuildFile section */
		BB1DB97421862DF100B90370 /* AppDelegate.swift in Sources */ = {isa = PBXBuildFile; fileRef = BB1DB97321862DF100B90370 /* AppDelegate.swift */; };
		BB1DB97621862DF100B90370 /* ViewController.swift in Sources */ = {isa = PBXBuildFile; fileRef = BB1DB97521862DF100B90370 /* ViewController.swift */; };
		BB1DB97921862DF100B90370 /* Main.storyboard in Resources */ = {isa = PBXBuildFile; fileRef = BB1DB97721862DF100B90370 /* Main.storyboard */; };
		BB1DB97C21862DF100B90370 /* ScanView.xcdatamodeld in Sources */ = {isa = PBXBuildFile; fileRef = BB1DB97A21862DF100B90370 /* ScanView.xcdatamodeld */; };
		BB1DB97E21862DF500B90370 /* Assets.xcassets in Resources */ = {isa = PBXBuildFile; fileRef = BB1DB97D21862DF500B90370 /* Assets.xcassets */; };
		BB1DB98121862DF500B90370 /* LaunchScreen.storyboard in Resources */ = {isa = PBXBuildFile; fileRef = BB1DB97F21862DF500B90370 /* LaunchScreen.storyboard */; };
		BB1DB98C21862DF500B90370 /* ScanViewTests.swift in Sources */ = {isa = PBXBuildFile; fileRef = BB1DB98B21862DF500B90370 /* ScanViewTests.swift */; };
		BB1DB99721862DF500B90370 /* ScanViewUITests.swift in Sources */ = {isa = PBXBuildFile; fileRef = BB1DB99621862DF500B90370 /* ScanViewUITests.swift */; };
/* End PBXBuildFile section */

/* Begin PBXContainerItemProxy section */
		BB1DB98821862DF500B90370 /* PBXContainerItemProxy */ = {
			isa = PBXContainerItemProxy;
			containerPortal = BB1DB96821862DF100B90370 /* Project object */;
			proxyType = 1;
			remoteGlobalIDString = BB1DB96F21862DF100B90370;
			remoteInfo = ScanView;
		};
		BB1DB99321862DF500B90370 /* PBXContainerItemProxy */ = {
			isa = PBXContainerItemProxy;
			containerPortal = BB1DB96821862DF100B90370 /* Project object */;
			proxyType = 1;
			remoteGlobalIDString = BB1DB96F21862DF100B90370;
			remoteInfo = ScanView;
		};
/* End PBXContainerItemProxy section */

/* Begin PBXFileReference section */
		BB1DB97021862DF100B90370 /* ScanView.app */ = {isa = PBXFileReference; explicitFileType = wrapper.application; includeInIndex = 0; path = ScanView.app; sourceTree = BUILT_PRODUCTS_DIR; };
		BB1DB97321862DF100B90370 /* AppDelegate.swift */ = {isa = PBXFileReference; lastKnownFileType = sourcecode.swift; path = AppDelegate.swift; sourceTree = "<group>"; };
		BB1DB97521862DF100B90370 /* ViewController.swift */ = {isa = PBXFileReference; lastKnownFileType = sourcecode.swift; path = ViewController.swift; sourceTree = "<group>"; };
		BB1DB97821862DF100B90370 /* Base */ = {isa = PBXFileReference; lastKnownFileType = file.storyboard; name = Base; path = Base.lproj/Main.storyboard; sourceTree = "<group>"; };
		BB1DB97B21862DF100B90370 /* ScanView.xcdatamodel */ = {isa = PBXFileReference; lastKnownFileType = wrapper.xcdatamodel; path = ScanView.xcdatamodel; sourceTree = "<group>"; };
		BB1DB97D21862DF500B90370 /* Assets.xcassets */ = {isa = PBXFileReference; lastKnownFileType = folder.assetcatalog; path = Assets.xcassets; sourceTree = "<group>"; };
		BB1DB98021862DF500B90370 /* Base */ = {isa = PBXFileReference; lastKnownFileType = file.storyboard; name = Base; path = Base.lproj/LaunchScreen.storyboard; sourceTree = "<group>"; };
		BB1DB98221862DF500B90370 /* Info.plist */ = {isa = PBXFileReference; lastKnownFileType = text.plist.xml; path = Info.plist; sourceTree = "<group>"; };
		BB1DB98721862DF500B90370 /* ScanViewTests.xctest */ = {isa = PBXFileReference; explicitFileType = wrapper.cfbundle; includeInIndex = 0; path = ScanViewTests.xctest; sourceTree = BUILT_PRODUCTS_DIR; };
		BB1DB98B21862DF500B90370 /* ScanViewTests.swift */ = {isa = PBXFileReference; lastKnownFileType = sourcecode.swift; path = ScanViewTests.swift; sourceTree = "<group>"; };
		BB1DB98D21862DF500B90370 /* Info.plist */ = {isa = PBXFileReference; lastKnownFileType = text.plist.xml; path = Info.plist; sourceTree = "<group>"; };
		BB1DB99221862DF500B90370 /* ScanViewUITests.xctest */ = {isa = PBXFileReference; explicitFileType = wrapper.cfbundle; includeInIndex = 0; path = ScanViewUITests.xctest; sourceTree = BUILT_PRODUCTS_DIR; };
		BB1DB99621862DF500B90370 /* ScanViewUITests.swift */ = {isa = PBXFileReference; lastKnownFileType = sourcecode.swift; path = ScanViewUITests.swift; sourceTree = "<group>"; };
		BB1DB99821862DF500B90370 /* Info.plist */ = {isa = PBXFileReference; lastKnownFileType = text.plist.xml; path = Info.plist; sourceTree = "<group>"; };
/* End PBXFileReference section */

/* Begin PBXFrameworksBuildPhase section */
		BB1DB96D21862DF100B90370 /* Frameworks */ = {
			isa = PBXFrameworksBuildPhase;
			buildActionMask = 2147483647;
			files = (
			);
			runOnlyForDeploymentPostprocessing = 0;
		};
		BB1DB98421862DF500B90370 /* Frameworks */ = {
			isa = PBXFrameworksBuildPhase;
			buildActionMask = 2147483647;
			files = (
			);
			runOnlyForDeploymentPostprocessing = 0;
		};
		BB1DB98F21862DF500B90370 /* Frameworks */ = {
			isa = PBXFrameworksBuildPhase;
			buildActionMask = 2147483647;
			files = (
			);
			runOnlyForDeploymentPostprocessing = 0;
		};
/* End PBXFrameworksBuildPhase section */

/* Begin PBXGroup section */
		BB1DB96721862DF100B90370 = {
			isa = PBXGroup;
			children = (
				BB1DB97221862DF100B90370 /* ScanView */,
				BB1DB98A21862DF500B90370 /* ScanViewTests */,
				BB1DB99521862DF500B90370 /* ScanViewUITests */,
				BB1DB97121862DF100B90370 /* Products */,
			);
			sourceTree = "<group>";
		};
		BB1DB97121862DF100B90370 /* Products */ = {
			isa = PBXGroup;
			children = (
				BB1DB97021862DF100B90370 /* ScanView.app */,
				BB1DB98721862DF500B90370 /* ScanViewTests.xctest */,
				BB1DB99221862DF500B90370 /* ScanViewUITests.xctest */,
			);
			name = Products;
			sourceTree = "<group>";
		};
		BB1DB97221862DF100B90370 /* ScanView */ = {
			isa = PBXGroup;
			children = (
				BB1DB97321862DF100B90370 /* AppDelegate.swift */,
				BB1DB97521862DF100B90370 /* ViewController.swift */,
				BB1DB97721862DF100B90370 /* Main.storyboard */,
				BB1DB97D21862DF500B90370 /* Assets.xcassets */,
				BB1DB97F21862DF500B90370 /* LaunchScreen.storyboard */,
				BB1DB98221862DF500B90370 /* Info.plist */,
				BB1DB97A21862DF100B90370 /* ScanView.xcdatamodeld */,
			);
			path = ScanView;
			sourceTree = "<group>";
		};
		BB1DB98A21862DF500B90370 /* ScanViewTests */ = {
			isa = PBXGroup;
			children = (
				BB1DB98B21862DF500B90370 /* ScanViewTests.swift */,
				BB1DB98D21862DF500B90370 /* Info.plist */,
			);
			path = ScanViewTests;
			sourceTree = "<group>";
		};
		BB1DB99521862DF500B90370 /* ScanViewUITests */ = {
			isa = PBXGroup;
			children = (
				BB1DB99621862DF500B90370 /* ScanViewUITests.swift */,
				BB1DB99821862DF500B90370 /* Info.plist */,
			);
			path = ScanViewUITests;
			sourceTree = "<group>";
		};
/* End PBXGroup section */

/* Begin PBXNativeTarget section */
		BB1DB96F21862DF100B90370 /* ScanView */ = {
			isa = PBXNativeTarget;
			buildConfigurationList = BB1DB99B21862DF500B90370 /* Build configuration list for PBXNativeTarget "ScanView" */;
			buildPhases = (
				BB1DB96C21862DF100B90370 /* Sources */,
				BB1DB96D21862DF100B90370 /* Frameworks */,
				BB1DB96E21862DF100B90370 /* Resources */,
			);
			buildRules = (
			);
			dependencies = (
			);
			name = ScanView;
			productName = ScanView;
			productReference = BB1DB97021862DF100B90370 /* ScanView.app */;
			productType = "com.apple.product-type.application";
		};
		BB1DB98621862DF500B90370 /* ScanViewTests */ = {
			isa = PBXNativeTarget;
			buildConfigurationList = BB1DB99E21862DF500B90370 /* Build configuration list for PBXNativeTarget "ScanViewTests" */;
			buildPhases = (
				BB1DB98321862DF500B90370 /* Sources */,
				BB1DB98421862DF500B90370 /* Frameworks */,
				BB1DB98521862DF500B90370 /* Resources */,
			);
			buildRules = (
			);
			dependencies = (
				BB1DB98921862DF500B90370 /* PBXTargetDependency */,
			);
			name = ScanViewTests;
			productName = ScanViewTests;
			productReference = BB1DB98721862DF500B90370 /* ScanViewTests.xctest */;
			productType = "com.apple.product-type.bundle.unit-test";
		};
		BB1DB99121862DF500B90370 /* ScanViewUITests */ = {
			isa = PBXNativeTarget;
			buildConfigurationList = BB1DB9A121862DF500B90370 /* Build configuration list for PBXNativeTarget "ScanViewUITests" */;
			buildPhases = (
				BB1DB98E21862DF500B90370 /* Sources */,
				BB1DB98F21862DF500B90370 /* Frameworks */,
				BB1DB99021862DF500B90370 /* Resources */,
			);
			buildRules = (
			);
			dependencies = (
				BB1DB99421862DF500B90370 /* PBXTargetDependency */,
			);
			name = ScanViewUITests;
			productName = ScanViewUITests;
			productReference = BB1DB99221862DF500B90370 /* ScanViewUITests.xctest */;
			productType = "com.apple.product-type.bundle.ui-testing";
		};
/* End PBXNativeTarget section */

/* Begin PBXProject section */
		BB1DB96821862DF100B90370 /* Project object */ = {
			isa = PBXProject;
			attributes = {
				LastSwiftUpdateCheck = 1000;
				LastUpgradeCheck = 1000;
				ORGANIZATIONNAME = "prince jackes";
				TargetAttributes = {
					BB1DB96F21862DF100B90370 = {
						CreatedOnToolsVersion = 10.0;
					};
					BB1DB98621862DF500B90370 = {
						CreatedOnToolsVersion = 10.0;
						TestTargetID = BB1DB96F21862DF100B90370;
					};
					BB1DB99121862DF500B90370 = {
						CreatedOnToolsVersion = 10.0;
						TestTargetID = BB1DB96F21862DF100B90370;
					};
				};
			};
			buildConfigurationList = BB1DB96B21862DF100B90370 /* Build configuration list for PBXProject "ScanView" */;
			compatibilityVersion = "Xcode 9.3";
			developmentRegion = en;
			hasScannedForEncodings = 0;
			knownRegions = (
				en,
				Base,
			);
			mainGroup = BB1DB96721862DF100B90370;
			productRefGroup = BB1DB97121862DF100B90370 /* Products */;
			projectDirPath = "";
			projectRoot = "";
			targets = (
				BB1DB96F21862DF100B90370 /* ScanView */,
				BB1DB98621862DF500B90370 /* ScanViewTests */,
				BB1DB99121862DF500B90370 /* ScanViewUITests */,
			);
		};
/* End PBXProject section */

/* Begin PBXResourcesBuildPhase section */
		BB1DB96E21862DF100B90370 /* Resources */ = {
			isa = PBXResourcesBuildPhase;
			buildActionMask = 2147483647;
			files = (
				BB1DB98121862DF500B90370 /* LaunchScreen.storyboard in Resources */,
				BB1DB97E21862DF500B90370 /* Assets.xcassets in Resources */,
				BB1DB97921862DF100B90370 /* Main.storyboard in Resources */,
			);
			runOnlyForDeploymentPostprocessing = 0;
		};
		BB1DB98521862DF500B90370 /* Resources */ = {
			isa = PBXResourcesBuildPhase;
			buildActionMask = 2147483647;
			files = (
			);
			runOnlyForDeploymentPostprocessing = 0;
		};
		BB1DB99021862DF500B90370 /* Resources */ = {
			isa = PBXResourcesBuildPhase;
			buildActionMask = 2147483647;
			files = (
			);
			runOnlyForDeploymentPostprocessing = 0;
		};
/* End PBXResourcesBuildPhase section */

/* Begin PBXSourcesBuildPhase section */
		BB1DB96C21862DF100B90370 /* Sources */ = {
			isa = PBXSourcesBuildPhase;
			buildActionMask = 2147483647;
			files = (
				BB1DB97621862DF100B90370 /* ViewController.swift in Sources */,
				BB1DB97C21862DF100B90370 /* ScanView.xcdatamodeld in Sources */,
				BB1DB97421862DF100B90370 /* AppDelegate.swift in Sources */,
			);
			runOnlyForDeploymentPostprocessing = 0;
		};
		BB1DB98321862DF500B90370 /* Sources */ = {
			isa = PBXSourcesBuildPhase;
			buildActionMask = 2147483647;
			files = (
				BB1DB98C21862DF500B90370 /* ScanViewTests.swift in Sources */,
			);
			runOnlyForDeploymentPostprocessing = 0;
		};
		BB1DB98E21862DF500B90370 /* Sources */ = {
			isa = PBXSourcesBuildPhase;
			buildActionMask = 2147483647;
			files = (
				BB1DB99721862DF500B90370 /* ScanViewUITests.swift in Sources */,
			);
			runOnlyForDeploymentPostprocessing = 0;
		};
/* End PBXSourcesBuildPhase section */

/* Begin PBXTargetDependency section */
		BB1DB98921862DF500B90370 /* PBXTargetDependency */ = {
			isa = PBXTargetDependency;
			target = BB1DB96F21862DF100B90370 /* ScanView */;
			targetProxy = BB1DB98821862DF500B90370 /* PBXContainerItemProxy */;
		};
		BB1DB99421862DF500B90370 /* PBXTargetDependency */ = {
			isa = PBXTargetDependency;
			target = BB1DB96F21862DF100B90370 /* ScanView */;
			targetProxy = BB1DB99321862DF500B90370 /* PBXContainerItemProxy */;
		};
/* End PBXTargetDependency section */

/* Begin PBXVariantGroup section */
		BB1DB97721862DF100B90370 /* Main.storyboard */ = {
			isa = PBXVariantGroup;
			children = (
				BB1DB97821862DF100B90370 /* Base */,
			);
			name = Main.storyboard;
			sourceTree = "<group>";
		};
		BB1DB97F21862DF500B90370 /* LaunchScreen.storyboard */ = {
			isa = PBXVariantGroup;
			children = (
				BB1DB98021862DF500B90370 /* Base */,
			);
			name = LaunchScreen.storyboard;
			sourceTree = "<group>";
		};
/* End PBXVariantGroup section */

/* Begin XCBuildConfiguration section */
		BB1DB99921862DF500B90370 /* Debug */ = {
			isa = XCBuildConfiguration;
			buildSettings = {
				ALWAYS_SEARCH_USER_PATHS = NO;
				CLANG_ANALYZER_NONNULL = YES;
				CLANG_ANALYZER_NUMBER_OBJECT_CONVERSION = YES_AGGRESSIVE;
				CLANG_CXX_LANGUAGE_STANDARD = "gnu++14";
				CLANG_CXX_LIBRARY = "libc++";
				CLANG_ENABLE_MODULES = YES;
				CLANG_ENABLE_OBJC_ARC = YES;
				CLANG_ENABLE_OBJC_WEAK = YES;
				CLANG_WARN_BLOCK_CAPTURE_AUTORELEASING = YES;
				CLANG_WARN_BOOL_CONVERSION = YES;
				CLANG_WARN_COMMA = YES;
				CLANG_WARN_CONSTANT_CONVERSION = YES;
				CLANG_WARN_DEPRECATED_OBJC_IMPLEMENTATIONS = YES;
				CLANG_WARN_DIRECT_OBJC_ISA_USAGE = YES_ERROR;
				CLANG_WARN_DOCUMENTATION_COMMENTS = YES;
				CLANG_WARN_EMPTY_BODY = YES;
				CLANG_WARN_ENUM_CONVERSION = YES;
				CLANG_WARN_INFINITE_RECURSION = YES;
				CLANG_WARN_INT_CONVERSION = YES;
				CLANG_WARN_NON_LITERAL_NULL_CONVERSION = YES;
				CLANG_WARN_OBJC_IMPLICIT_RETAIN_SELF = YES;
				CLANG_WARN_OBJC_LITERAL_CONVERSION = YES;
				CLANG_WARN_OBJC_ROOT_CLASS = YES_ERROR;
				CLANG_WARN_RANGE_LOOP_ANALYSIS = YES;
				CLANG_WARN_STRICT_PROTOTYPES = YES;
				CLANG_WARN_SUSPICIOUS_MOVE = YES;
				CLANG_WARN_UNGUARDED_AVAILABILITY = YES_AGGRESSIVE;
				CLANG_WARN_UNREACHABLE_CODE = YES;
				CLANG_WARN__DUPLICATE_METHOD_MATCH = YES;
				CODE_SIGN_IDENTITY = "iPhone Developer";
				COPY_PHASE_STRIP = NO;
				DEBUG_INFORMATION_FORMAT = dwarf;
				ENABLE_STRICT_OBJC_MSGSEND = YES;
				ENABLE_TESTABILITY = YES;
				GCC_C_LANGUAGE_STANDARD = gnu11;
				GCC_DYNAMIC_NO_PIC = NO;
				GCC_NO_COMMON_BLOCKS = YES;
				GCC_OPTIMIZATION_LEVEL = 0;
				GCC_PREPROCESSOR_DEFINITIONS = (
					"DEBUG=1",
					"$(inherited)",
				);
				GCC_WARN_64_TO_32_BIT_CONVERSION = YES;
				GCC_WARN_ABOUT_RETURN_TYPE = YES_ERROR;
				GCC_WARN_UNDECLARED_SELECTOR = YES;
				GCC_WARN_UNINITIALIZED_AUTOS = YES_AGGRESSIVE;
				GCC_WARN_UNUSED_FUNCTION = YES;
				GCC_WARN_UNUSED_VARIABLE = YES;
				IPHONEOS_DEPLOYMENT_TARGET = 12.0;
				MTL_ENABLE_DEBUG_INFO = INCLUDE_SOURCE;
				MTL_FAST_MATH = YES;
				ONLY_ACTIVE_ARCH = YES;
				SDKROOT = iphoneos;
				SWIFT_ACTIVE_COMPILATION_CONDITIONS = DEBUG;
				SWIFT_OPTIMIZATION_LEVEL = "-Onone";
			};
			name = Debug;
		};
		BB1DB99A21862DF500B90370 /* Release */ = {
			isa = XCBuildConfiguration;
			buildSettings = {
				ALWAYS_SEARCH_USER_PATHS = NO;
				CLANG_ANALYZER_NONNULL = YES;
				CLANG_ANALYZER_NUMBER_OBJECT_CONVERSION = YES_AGGRESSIVE;
				CLANG_CXX_LANGUAGE_STANDARD = "gnu++14";
				CLANG_CXX_LIBRARY = "libc++";
				CLANG_ENABLE_MODULES = YES;
				CLANG_ENABLE_OBJC_ARC = YES;
				CLANG_ENABLE_OBJC_WEAK = YES;
				CLANG_WARN_BLOCK_CAPTURE_AUTORELEASING = YES;
				CLANG_WARN_BOOL_CONVERSION = YES;
				CLANG_WARN_COMMA = YES;
				CLANG_WARN_CONSTANT_CONVERSION = YES;
				CLANG_WARN_DEPRECATED_OBJC_IMPLEMENTATIONS = YES;
				CLANG_WARN_DIRECT_OBJC_ISA_USAGE = YES_ERROR;
				CLANG_WARN_DOCUMENTATION_COMMENTS = YES;
				CLANG_WARN_EMPTY_BODY = YES;
				CLANG_WARN_ENUM_CONVERSION = YES;
				CLANG_WARN_INFINITE_RECURSION = YES;
				CLANG_WARN_INT_CONVERSION = YES;
				CLANG_WARN_NON_LITERAL_NULL_CONVERSION = YES;
				CLANG_WARN_OBJC_IMPLICIT_RETAIN_SELF = YES;
				CLANG_WARN_OBJC_LITERAL_CONVERSION = YES;
				CLANG_WARN_OBJC_ROOT_CLASS = YES_ERROR;
				CLANG_WARN_RANGE_LOOP_ANALYSIS = YES;
				CLANG_WARN_STRICT_PROTOTYPES = YES;
				CLANG_WARN_SUSPICIOUS_MOVE = YES;
				CLANG_WARN_UNGUARDED_AVAILABILITY = YES_AGGRESSIVE;
				CLANG_WARN_UNREACHABLE_CODE = YES;
				CLANG_WARN__DUPLICATE_METHOD_MATCH = YES;
				CODE_SIGN_IDENTITY = "iPhone Developer";
				COPY_PHASE_STRIP = NO;
				DEBUG_INFORMATION_FORMAT = "dwarf-with-dsym";
				ENABLE_NS_ASSERTIONS = NO;
				ENABLE_STRICT_OBJC_MSGSEND = YES;
				GCC_C_LANGUAGE_STANDARD = gnu11;
				GCC_NO_COMMON_BLOCKS = YES;
				GCC_WARN_64_TO_32_BIT_CONVERSION = YES;
				GCC_WARN_ABOUT_RETURN_TYPE = YES_ERROR;
				GCC_WARN_UNDECLARED_SELECTOR = YES;
				GCC_WARN_UNINITIALIZED_AUTOS = YES_AGGRESSIVE;
				GCC_WARN_UNUSED_FUNCTION = YES;
				GCC_WARN_UNUSED_VARIABLE = YES;
				IPHONEOS_DEPLOYMENT_TARGET = 12.0;
				MTL_ENABLE_DEBUG_INFO = NO;
				MTL_FAST_MATH = YES;
				SDKROOT = iphoneos;
				SWIFT_COMPILATION_MODE = wholemodule;
				SWIFT_OPTIMIZATION_LEVEL = "-O";
				VALIDATE_PRODUCT = YES;
			};
			name = Release;
		};
		BB1DB99C21862DF500B90370 /* Debug */ = {
			isa = XCBuildConfiguration;
			buildSettings = {
				ASSETCATALOG_COMPILER_APPICON_NAME = AppIcon;
				CODE_SIGN_STYLE = Automatic;
				DEVELOPMENT_TEAM = BX74847SPV;
				INFOPLIST_FILE = ScanView/Info.plist;
				LD_RUNPATH_SEARCH_PATHS = (
					"$(inherited)",
					"@executable_path/Frameworks",
				);
				PRODUCT_BUNDLE_IDENTIFIER = fr.prince.ScanView;
				PRODUCT_NAME = "$(TARGET_NAME)";
				SWIFT_VERSION = 4.2;
				TARGETED_DEVICE_FAMILY = "1,2";
			};
			name = Debug;
		};
		BB1DB99D21862DF500B90370 /* Release */ = {
			isa = XCBuildConfiguration;
			buildSettings = {
				ASSETCATALOG_COMPILER_APPICON_NAME = AppIcon;
				CODE_SIGN_STYLE = Automatic;
				DEVELOPMENT_TEAM = BX74847SPV;
				INFOPLIST_FILE = ScanView/Info.plist;
				LD_RUNPATH_SEARCH_PATHS = (
					"$(inherited)",
					"@executable_path/Frameworks",
				);
				PRODUCT_BUNDLE_IDENTIFIER = fr.prince.ScanView;
				PRODUCT_NAME = "$(TARGET_NAME)";
				SWIFT_VERSION = 4.2;
				TARGETED_DEVICE_FAMILY = "1,2";
			};
			name = Release;
		};
		BB1DB99F21862DF500B90370 /* Debug */ = {
			isa = XCBuildConfiguration;
			buildSettings = {
				ALWAYS_EMBED_SWIFT_STANDARD_LIBRARIES = YES;
				BUNDLE_LOADER = "$(TEST_HOST)";
				CODE_SIGN_STYLE = Automatic;
				DEVELOPMENT_TEAM = BX74847SPV;
				INFOPLIST_FILE = ScanViewTests/Info.plist;
				LD_RUNPATH_SEARCH_PATHS = (
					"$(inherited)",
					"@executable_path/Frameworks",
					"@loader_path/Frameworks",
				);
				PRODUCT_BUNDLE_IDENTIFIER = fr.prince.ScanViewTests;
				PRODUCT_NAME = "$(TARGET_NAME)";
				SWIFT_VERSION = 4.2;
				TARGETED_DEVICE_FAMILY = "1,2";
				TEST_HOST = "$(BUILT_PRODUCTS_DIR)/ScanView.app/ScanView";
			};
			name = Debug;
		};
		BB1DB9A021862DF500B90370 /* Release */ = {
			isa = XCBuildConfiguration;
			buildSettings = {
				ALWAYS_EMBED_SWIFT_STANDARD_LIBRARIES = YES;
				BUNDLE_LOADER = "$(TEST_HOST)";
				CODE_SIGN_STYLE = Automatic;
				DEVELOPMENT_TEAM = BX74847SPV;
				INFOPLIST_FILE = ScanViewTests/Info.plist;
				LD_RUNPATH_SEARCH_PATHS = (
					"$(inherited)",
					"@executable_path/Frameworks",
					"@loader_path/Frameworks",
				);
				PRODUCT_BUNDLE_IDENTIFIER = fr.prince.ScanViewTests;
				PRODUCT_NAME = "$(TARGET_NAME)";
				SWIFT_VERSION = 4.2;
				TARGETED_DEVICE_FAMILY = "1,2";
				TEST_HOST = "$(BUILT_PRODUCTS_DIR)/ScanView.app/ScanView";
			};
			name = Release;
		};
		BB1DB9A221862DF500B90370 /* Debug */ = {
			isa = XCBuildConfiguration;
			buildSettings = {
				ALWAYS_EMBED_SWIFT_STANDARD_LIBRARIES = YES;
				CODE_SIGN_STYLE = Automatic;
				DEVELOPMENT_TEAM = BX74847SPV;
				INFOPLIST_FILE = ScanViewUITests/Info.plist;
				LD_RUNPATH_SEARCH_PATHS = (
					"$(inherited)",
					"@executable_path/Frameworks",
					"@loader_path/Frameworks",
				);
				PRODUCT_BUNDLE_IDENTIFIER = fr.prince.ScanViewUITests;
				PRODUCT_NAME = "$(TARGET_NAME)";
				SWIFT_VERSION = 4.2;
				TARGETED_DEVICE_FAMILY = "1,2";
				TEST_TARGET_NAME = ScanView;
			};
			name = Debug;
		};
		BB1DB9A321862DF500B90370 /* Release */ = {
			isa = XCBuildConfiguration;
			buildSettings = {
				ALWAYS_EMBED_SWIFT_STANDARD_LIBRARIES = YES;
				CODE_SIGN_STYLE = Automatic;
				DEVELOPMENT_TEAM = BX74847SPV;
				INFOPLIST_FILE = ScanViewUITests/Info.plist;
				LD_RUNPATH_SEARCH_PATHS = (
					"$(inherited)",
					"@executable_path/Frameworks",
					"@loader_path/Frameworks",
				);
				PRODUCT_BUNDLE_IDENTIFIER = fr.prince.ScanViewUITests;
				PRODUCT_NAME = "$(TARGET_NAME)";
				SWIFT_VERSION = 4.2;
				TARGETED_DEVICE_FAMILY = "1,2";
				TEST_TARGET_NAME = ScanView;
			};
			name = Release;
		};
/* End XCBuildConfiguration section */

/* Begin XCConfigurationList section */
		BB1DB96B21862DF100B90370 /* Build configuration list for PBXProject "ScanView" */ = {
			isa = XCConfigurationList;
			buildConfigurations = (
				BB1DB99921862DF500B90370 /* Debug */,
				BB1DB99A21862DF500B90370 /* Release */,
			);
			defaultConfigurationIsVisible = 0;
			defaultConfigurationName = Release;
		};
		BB1DB99B21862DF500B90370 /* Build configuration list for PBXNativeTarget "ScanView" */ = {
			isa = XCConfigurationList;
			buildConfigurations = (
				BB1DB99C21862DF500B90370 /* Debug */,
				BB1DB99D21862DF500B90370 /* Release */,
			);
			defaultConfigurationIsVisible = 0;
			defaultConfigurationName = Release;
		};
		BB1DB99E21862DF500B90370 /* Build configuration list for PBXNativeTarget "ScanViewTests" */ = {
			isa = XCConfigurationList;
			buildConfigurations = (
				BB1DB99F21862DF500B90370 /* Debug */,
				BB1DB9A021862DF500B90370 /* Release */,
			);
			defaultConfigurationIsVisible = 0;
			defaultConfigurationName = Release;
		};
		BB1DB9A121862DF500B90370 /* Build configuration list for PBXNativeTarget "ScanViewUITests" */ = {
			isa = XCConfigurationList;
			buildConfigurations = (
				BB1DB9A221862DF500B90370 /* Debug */,
				BB1DB9A321862DF500B90370 /* Release */,
			);
			defaultConfigurationIsVisible = 0;
			defaultConfigurationName = Release;
		};
/* End XCConfigurationList section */

/* Begin XCVersionGroup section */
		BB1DB97A21862DF100B90370 /* ScanView.xcdatamodeld */ = {
			isa = XCVersionGroup;
			children = (
				BB1DB97B21862DF100B90370 /* ScanView.xcdatamodel */,
			);
			currentVersion = BB1DB97B21862DF100B90370 /* ScanView.xcdatamodel */;
			path = ScanView.xcdatamodeld;
			sourceTree = "<group>";
			versionGroupType = wrapper.xcdatamodel;
		};
/* End XCVersionGroup section */
	};
	rootObject = BB1DB96821862DF100B90370 /* Project object */;
}
